
Microsoft Visual Studio Solution File, Format Version 12.00
# Visual Studio Version 17
VisualStudioVersion = 17.6.33723.286
MinimumVisualStudioVersion = 10.0.40219.1
Project("{FAE04EC0-301F-11D3-BF4B-00C04F79EFBC}") = "TestTaskContacts.Web", "TestTaskContacts.Web\TestTaskContacts.Web.csproj", "{A0B7796E-93C8-4028-8867-74025871A9ED}"
EndProject
Project("{FAE04EC0-301F-11D3-BF4B-00C04F79EFBC}") = "TestTaskContacts.Domain", "TestTaskContacts.Domain\TestTaskContacts.Domain.csproj", "{BEA0D31B-59F9-4036-9DD1-26BCA460F75B}"
EndProject
Project("{FAE04EC0-301F-11D3-BF4B-00C04F79EFBC}") = "TestTaskContacts.DataAccess", "TestTaskContacts.DataAccess\TestTaskContacts.DataAccess.csproj", "{55ABC29F-95F3-406F-987B-11B8BDFB151F}"
EndProject
Project("{FAE04EC0-301F-11D3-BF4B-00C04F79EFBC}") = "TestTaskContacts.Services", "TestTaskContacts.Services\TestTaskContacts.Services.csproj", "{C9568FC1-A704-4833-8271-9583177CA054}"
EndProject
Project("{FAE04EC0-301F-11D3-BF4B-00C04F79EFBC}") = "TestTaskContacts.VeiwModels", "TestTaskContacts.VeiwModels\TestTaskContacts.VeiwModels.csproj", "{C5399EEF-60AD-4B49-8B88-5CBA9CC62BF6}"
EndProject
Global
	GlobalSection(SolutionConfigurationPlatforms) = preSolution
		Debug|Any CPU = Debug|Any CPU
		Release|Any CPU = Release|Any CPU
	EndGlobalSection
	GlobalSection(ProjectConfigurationPlatforms) = postSolution
		{A0B7796E-93C8-4028-8867-74025871A9ED}.Debug|Any CPU.ActiveCfg = Debug|Any CPU
		{A0B7796E-93C8-4028-8867-74025871A9ED}.Debug|Any CPU.Build.0 = Debug|Any CPU
		{A0B7796E-93C8-4028-8867-74025871A9ED}.Release|Any CPU.ActiveCfg = Release|Any CPU
		{A0B7796E-93C8-4028-8867-74025871A9ED}.Release|Any CPU.Build.0 = Release|Any CPU
		{BEA0D31B-59F9-4036-9DD1-26BCA460F75B}.Debug|Any CPU.ActiveCfg = Debug|Any CPU
		{BEA0D31B-59F9-4036-9DD1-26BCA460F75B}.Debug|Any CPU.Build.0 = Debug|Any CPU
		{BEA0D31B-59F9-4036-9DD1-26BCA460F75B}.Release|Any CPU.ActiveCfg = Release|Any CPU
		{BEA0D31B-59F9-4036-9DD1-26BCA460F75B}.Release|Any CPU.Build.0 = Release|Any CPU
		{55ABC29F-95F3-406F-987B-11B8BDFB151F}.Debug|Any CPU.ActiveCfg = Debug|Any CPU
		{55ABC29F-95F3-406F-987B-11B8BDFB151F}.Debug|Any CPU.Build.0 = Debug|Any CPU
		{55ABC29F-95F3-406F-987B-11B8BDFB151F}.Release|Any CPU.ActiveCfg = Release|Any CPU
		{55ABC29F-95F3-406F-987B-11B8BDFB151F}.Release|Any CPU.Build.0 = Release|Any CPU
		{C9568FC1-A704-4833-8271-9583177CA054}.Debug|Any CPU.ActiveCfg = Debug|Any CPU
		{C9568FC1-A704-4833-8271-9583177CA054}.Debug|Any CPU.Build.0 = Debug|Any CPU
		{C9568FC1-A704-4833-8271-9583177CA054}.Release|Any CPU.ActiveCfg = Release|Any CPU
		{C9568FC1-A704-4833-8271-9583177CA054}.Release|Any CPU.Build.0 = Release|Any CPU
		{C5399EEF-60AD-4B49-8B88-5CBA9CC62BF6}.Debug|Any CPU.ActiveCfg = Debug|Any CPU
		{C5399EEF-60AD-4B49-8B88-5CBA9CC62BF6}.Debug|Any CPU.Build.0 = Debug|Any CPU
		{C5399EEF-60AD-4B49-8B88-5CBA9CC62BF6}.Release|Any CPU.ActiveCfg = Release|Any CPU
		{C5399EEF-60AD-4B49-8B88-5CBA9CC62BF6}.Release|Any CPU.Build.0 = Release|Any CPU
	EndGlobalSection
	GlobalSection(SolutionProperties) = preSolution
		HideSolutionNode = FALSE
	EndGlobalSection
	GlobalSection(ExtensibilityGlobals) = postSolution
		SolutionGuid = {18AC5D45-2855-42F1-A619-B2F9545E4D82}
	EndGlobalSection
EndGlobal
